// !$*UTF8*$!
{
	archiveVersion = 1;
	classes = {
	};
	objectVersion = 55;
	objects = {

/* Begin PBXBuildFile section */
		FABF7AAB2926D51200062593 /* AppDelegate.swift in Sources */ = {isa = PBXBuildFile; fileRef = FABF7AAA2926D51200062593 /* AppDelegate.swift */; };
		FABF7AAD2926D51200062593 /* SceneDelegate.swift in Sources */ = {isa = PBXBuildFile; fileRef = FABF7AAC2926D51200062593 /* SceneDelegate.swift */; };
		FABF7AAF2926D51200062593 /* ViewController.swift in Sources */ = {isa = PBXBuildFile; fileRef = FABF7AAE2926D51200062593 /* ViewController.swift */; };
		FABF7AB22926D51200062593 /* Main.storyboard in Resources */ = {isa = PBXBuildFile; fileRef = FABF7AB02926D51200062593 /* Main.storyboard */; };
		FABF7AB42926D51600062593 /* Assets.xcassets in Resources */ = {isa = PBXBuildFile; fileRef = FABF7AB32926D51600062593 /* Assets.xcassets */; };
		FABF7AB72926D51600062593 /* LaunchScreen.storyboard in Resources */ = {isa = PBXBuildFile; fileRef = FABF7AB52926D51600062593 /* LaunchScreen.storyboard */; };
		FABF7AC42926D7B500062593 /* GameProtocol.swift in Sources */ = {isa = PBXBuildFile; fileRef = FABF7AC32926D7B500062593 /* GameProtocol.swift */; };
		FABF7AC62926D84E00062593 /* Heroes.swift in Sources */ = {isa = PBXBuildFile; fileRef = FABF7AC52926D84E00062593 /* Heroes.swift */; };
		FABF7AC82926D8D300062593 /* ActionGame.swift in Sources */ = {isa = PBXBuildFile; fileRef = FABF7AC72926D8D300062593 /* ActionGame.swift */; };
		FABF7ACB2926DA2800062593 /* MyGameProtocol.swift in Sources */ = {isa = PBXBuildFile; fileRef = FABF7ACA2926DA2800062593 /* MyGameProtocol.swift */; };
		FABF7ACD2926DA6700062593 /* HeroesMarvel.swift in Sources */ = {isa = PBXBuildFile; fileRef = FABF7ACC2926DA6700062593 /* HeroesMarvel.swift */; };
		FABF7ACF2926DA9E00062593 /* Arena.swift in Sources */ = {isa = PBXBuildFile; fileRef = FABF7ACE2926DA9E00062593 /* Arena.swift */; };
/* End PBXBuildFile section */

/* Begin PBXFileReference section */
		FABF7AA72926D51200062593 /* Homework3 @SergeyHots.app */ = {isa = PBXFileReference; explicitFileType = wrapper.application; includeInIndex = 0; path = "Homework3 @SergeyHots.app"; sourceTree = BUILT_PRODUCTS_DIR; };
		FABF7AAA2926D51200062593 /* AppDelegate.swift */ = {isa = PBXFileReference; lastKnownFileType = sourcecode.swift; path = AppDelegate.swift; sourceTree = "<group>"; };
		FABF7AAC2926D51200062593 /* SceneDelegate.swift */ = {isa = PBXFileReference; lastKnownFileType = sourcecode.swift; path = SceneDelegate.swift; sourceTree = "<group>"; };
		FABF7AAE2926D51200062593 /* ViewController.swift */ = {isa = PBXFileReference; lastKnownFileType = sourcecode.swift; path = ViewController.swift; sourceTree = "<group>"; };
		FABF7AB12926D51200062593 /* Base */ = {isa = PBXFileReference; lastKnownFileType = file.storyboard; name = Base; path = Base.lproj/Main.storyboard; sourceTree = "<group>"; };
		FABF7AB32926D51600062593 /* Assets.xcassets */ = {isa = PBXFileReference; lastKnownFileType = folder.assetcatalog; path = Assets.xcassets; sourceTree = "<group>"; };
		FABF7AB62926D51600062593 /* Base */ = {isa = PBXFileReference; lastKnownFileType = file.storyboard; name = Base; path = Base.lproj/LaunchScreen.storyboard; sourceTree = "<group>"; };
		FABF7AB82926D51600062593 /* Info.plist */ = {isa = PBXFileReference; lastKnownFileType = text.plist.xml; path = Info.plist; sourceTree = "<group>"; };
		FABF7AC32926D7B500062593 /* GameProtocol.swift */ = {isa = PBXFileReference; lastKnownFileType = sourcecode.swift; path = GameProtocol.swift; sourceTree = "<group>"; };
		FABF7AC52926D84E00062593 /* Heroes.swift */ = {isa = PBXFileReference; lastKnownFileType = sourcecode.swift; path = Heroes.swift; sourceTree = "<group>"; };
		FABF7AC72926D8D300062593 /* ActionGame.swift */ = {isa = PBXFileReference; lastKnownFileType = sourcecode.swift; path = ActionGame.swift; sourceTree = "<group>"; };
		FABF7ACA2926DA2800062593 /* MyGameProtocol.swift */ = {isa = PBXFileReference; lastKnownFileType = sourcecode.swift; path = MyGameProtocol.swift; sourceTree = "<group>"; };
		FABF7ACC2926DA6700062593 /* HeroesMarvel.swift */ = {isa = PBXFileReference; lastKnownFileType = sourcecode.swift; path = HeroesMarvel.swift; sourceTree = "<group>"; };
		FABF7ACE2926DA9E00062593 /* Arena.swift */ = {isa = PBXFileReference; lastKnownFileType = sourcecode.swift; path = Arena.swift; sourceTree = "<group>"; };
/* End PBXFileReference section */

/* Begin PBXFrameworksBuildPhase section */
		FABF7AA42926D51200062593 /* Frameworks */ = {
			isa = PBXFrameworksBuildPhase;
			buildActionMask = 2147483647;
			files = (
			);
			runOnlyForDeploymentPostprocessing = 0;
		};
/* End PBXFrameworksBuildPhase section */

/* Begin PBXGroup section */
		FABF7A9E2926D51200062593 = {
			isa = PBXGroup;
			children = (
				FABF7AA92926D51200062593 /* Homework3 @SergeyHots */,
				FABF7AA82926D51200062593 /* Products */,
			);
			sourceTree = "<group>";
		};
		FABF7AA82926D51200062593 /* Products */ = {
			isa = PBXGroup;
			children = (
				FABF7AA72926D51200062593 /* Homework3 @SergeyHots.app */,
			);
			name = Products;
			sourceTree = "<group>";
		};
		FABF7AA92926D51200062593 /* Homework3 @SergeyHots */ = {
			isa = PBXGroup;
			children = (
				FABF7ABE2926D52B00062593 /* Game TASK-1 */,
				FABF7AC92926D9C000062593 /* MyGame TASK-2 */,
				FABF7AAA2926D51200062593 /* AppDelegate.swift */,
				FABF7AAC2926D51200062593 /* SceneDelegate.swift */,
				FABF7AAE2926D51200062593 /* ViewController.swift */,
				FABF7AB02926D51200062593 /* Main.storyboard */,
				FABF7AB32926D51600062593 /* Assets.xcassets */,
				FABF7AB52926D51600062593 /* LaunchScreen.storyboard */,
				FABF7AB82926D51600062593 /* Info.plist */,
			);
			path = "Homework3 @SergeyHots";
			sourceTree = "<group>";
		};
		FABF7ABE2926D52B00062593 /* Game TASK-1 */ = {
			isa = PBXGroup;
			children = (
				FABF7AC32926D7B500062593 /* GameProtocol.swift */,
				FABF7AC52926D84E00062593 /* Heroes.swift */,
				FABF7AC72926D8D300062593 /* ActionGame.swift */,
			);
			path = "Game TASK-1";
			sourceTree = "<group>";
		};
		FABF7AC92926D9C000062593 /* MyGame TASK-2 */ = {
			isa = PBXGroup;
			children = (
				FABF7ACA2926DA2800062593 /* MyGameProtocol.swift */,
				FABF7ACC2926DA6700062593 /* HeroesMarvel.swift */,
				FABF7ACE2926DA9E00062593 /* Arena.swift */,
			);
			path = "MyGame TASK-2";
			sourceTree = "<group>";
		};
/* End PBXGroup section */

/* Begin PBXNativeTarget section */
		FABF7AA62926D51200062593 /* Homework3 @SergeyHots */ = {
			isa = PBXNativeTarget;
			buildConfigurationList = FABF7ABB2926D51600062593 /* Build configuration list for PBXNativeTarget "Homework3 @SergeyHots" */;
			buildPhases = (
				FABF7AA32926D51200062593 /* Sources */,
				FABF7AA42926D51200062593 /* Frameworks */,
				FABF7AA52926D51200062593 /* Resources */,
			);
			buildRules = (
			);
			dependencies = (
			);
			name = "Homework3 @SergeyHots";
			productName = "Homework3 @SergeyHots";
			productReference = FABF7AA72926D51200062593 /* Homework3 @SergeyHots.app */;
			productType = "com.apple.product-type.application";
		};
/* End PBXNativeTarget section */

/* Begin PBXProject section */
		FABF7A9F2926D51200062593 /* Project object */ = {
			isa = PBXProject;
			attributes = {
				BuildIndependentTargetsInParallel = 1;
				LastSwiftUpdateCheck = 1320;
				LastUpgradeCheck = 1320;
				TargetAttributes = {
					FABF7AA62926D51200062593 = {
						CreatedOnToolsVersion = 13.2.1;
					};
				};
			};
			buildConfigurationList = FABF7AA22926D51200062593 /* Build configuration list for PBXProject "Homework3 @SergeyHots" */;
			compatibilityVersion = "Xcode 13.0";
			developmentRegion = en;
			hasScannedForEncodings = 0;
			knownRegions = (
				en,
				Base,
			);
			mainGroup = FABF7A9E2926D51200062593;
			productRefGroup = FABF7AA82926D51200062593 /* Products */;
			projectDirPath = "";
			projectRoot = "";
			targets = (
				FABF7AA62926D51200062593 /* Homework3 @SergeyHots */,
			);
		};
/* End PBXProject section */

/* Begin PBXResourcesBuildPhase section */
		FABF7AA52926D51200062593 /* Resources */ = {
			isa = PBXResourcesBuildPhase;
			buildActionMask = 2147483647;
			files = (
				FABF7AB72926D51600062593 /* LaunchScreen.storyboard in Resources */,
				FABF7AB42926D51600062593 /* Assets.xcassets in Resources */,
				FABF7AB22926D51200062593 /* Main.storyboard in Resources */,
			);
			runOnlyForDeploymentPostprocessing = 0;
		};
/* End PBXResourcesBuildPhase section */

/* Begin PBXSourcesBuildPhase section */
		FABF7AA32926D51200062593 /* Sources */ = {
			isa = PBXSourcesBuildPhase;
			buildActionMask = 2147483647;
			files = (
				FABF7ACB2926DA2800062593 /* MyGameProtocol.swift in Sources */,
				FABF7AAF2926D51200062593 /* ViewController.swift in Sources */,
				FABF7ACD2926DA6700062593 /* HeroesMarvel.swift in Sources */,
				FABF7AC42926D7B500062593 /* GameProtocol.swift in Sources */,
				FABF7AAB2926D51200062593 /* AppDelegate.swift in Sources */,
				FABF7ACF2926DA9E00062593 /* Arena.swift in Sources */,
				FABF7AC82926D8D300062593 /* ActionGame.swift in Sources */,
				FABF7AC62926D84E00062593 /* Heroes.swift in Sources */,
				FABF7AAD2926D51200062593 /* SceneDelegate.swift in Sources */,
			);
			runOnlyForDeploymentPostprocessing = 0;
		};
/* End PBXSourcesBuildPhase section */

/* Begin PBXVariantGroup section */
		FABF7AB02926D51200062593 /* Main.storyboard */ = {
			isa = PBXVariantGroup;
			children = (
				FABF7AB12926D51200062593 /* Base */,
			);
			name = Main.storyboard;
			sourceTree = "<group>";
		};
		FABF7AB52926D51600062593 /* LaunchScreen.storyboard */ = {
			isa = PBXVariantGroup;
			children = (
				FABF7AB62926D51600062593 /* Base */,
			);
			name = LaunchScreen.storyboard;
			sourceTree = "<group>";
		};
/* End PBXVariantGroup section */

/* Begin XCBuildConfiguration section */
		FABF7AB92926D51600062593 /* Debug */ = {
			isa = XCBuildConfiguration;
			buildSettings = {
				ALWAYS_SEARCH_USER_PATHS = NO;
				CLANG_ANALYZER_NONNULL = YES;
				CLANG_ANALYZER_NUMBER_OBJECT_CONVERSION = YES_AGGRESSIVE;
				CLANG_CXX_LANGUAGE_STANDARD = "gnu++17";
				CLANG_CXX_LIBRARY = "libc++";
				CLANG_ENABLE_MODULES = YES;
				CLANG_ENABLE_OBJC_ARC = YES;
				CLANG_ENABLE_OBJC_WEAK = YES;
				CLANG_WARN_BLOCK_CAPTURE_AUTORELEASING = YES;
				CLANG_WARN_BOOL_CONVERSION = YES;
				CLANG_WARN_COMMA = YES;
				CLANG_WARN_CONSTANT_CONVERSION = YES;
				CLANG_WARN_DEPRECATED_OBJC_IMPLEMENTATIONS = YES;
				CLANG_WARN_DIRECT_OBJC_ISA_USAGE = YES_ERROR;
				CLANG_WARN_DOCUMENTATION_COMMENTS = YES;
				CLANG_WARN_EMPTY_BODY = YES;
				CLANG_WARN_ENUM_CONVERSION = YES;
				CLANG_WARN_INFINITE_RECURSION = YES;
				CLANG_WARN_INT_CONVERSION = YES;
				CLANG_WARN_NON_LITERAL_NULL_CONVERSION = YES;
				CLANG_WARN_OBJC_IMPLICIT_RETAIN_SELF = YES;
				CLANG_WARN_OBJC_LITERAL_CONVERSION = YES;
				CLANG_WARN_OBJC_ROOT_CLASS = YES_ERROR;
				CLANG_WARN_QUOTED_INCLUDE_IN_FRAMEWORK_HEADER = YES;
				CLANG_WARN_RANGE_LOOP_ANALYSIS = YES;
				CLANG_WARN_STRICT_PROTOTYPES = YES;
				CLANG_WARN_SUSPICIOUS_MOVE = YES;
				CLANG_WARN_UNGUARDED_AVAILABILITY = YES_AGGRESSIVE;
				CLANG_WARN_UNREACHABLE_CODE = YES;
				CLANG_WARN__DUPLICATE_METHOD_MATCH = YES;
				COPY_PHASE_STRIP = NO;
				DEBUG_INFORMATION_FORMAT = dwarf;
				ENABLE_STRICT_OBJC_MSGSEND = YES;
				ENABLE_TESTABILITY = YES;
				GCC_C_LANGUAGE_STANDARD = gnu11;
				GCC_DYNAMIC_NO_PIC = NO;
				GCC_NO_COMMON_BLOCKS = YES;
				GCC_OPTIMIZATION_LEVEL = 0;
				GCC_PREPROCESSOR_DEFINITIONS = (
					"DEBUG=1",
					"$(inherited)",
				);
				GCC_WARN_64_TO_32_BIT_CONVERSION = YES;
				GCC_WARN_ABOUT_RETURN_TYPE = YES_ERROR;
				GCC_WARN_UNDECLARED_SELECTOR = YES;
				GCC_WARN_UNINITIALIZED_AUTOS = YES_AGGRESSIVE;
				GCC_WARN_UNUSED_FUNCTION = YES;
				GCC_WARN_UNUSED_VARIABLE = YES;
				IPHONEOS_DEPLOYMENT_TARGET = 15.2;
				MTL_ENABLE_DEBUG_INFO = INCLUDE_SOURCE;
				MTL_FAST_MATH = YES;
				ONLY_ACTIVE_ARCH = YES;
				SDKROOT = iphoneos;
				SWIFT_ACTIVE_COMPILATION_CONDITIONS = DEBUG;
				SWIFT_OPTIMIZATION_LEVEL = "-Onone";
			};
			name = Debug;
		};
		FABF7ABA2926D51600062593 /* Release */ = {
			isa = XCBuildConfiguration;
			buildSettings = {
				ALWAYS_SEARCH_USER_PATHS = NO;
				CLANG_ANALYZER_NONNULL = YES;
				CLANG_ANALYZER_NUMBER_OBJECT_CONVERSION = YES_AGGRESSIVE;
				CLANG_CXX_LANGUAGE_STANDARD = "gnu++17";
				CLANG_CXX_LIBRARY = "libc++";
				CLANG_ENABLE_MODULES = YES;
				CLANG_ENABLE_OBJC_ARC = YES;
				CLANG_ENABLE_OBJC_WEAK = YES;
				CLANG_WARN_BLOCK_CAPTURE_AUTORELEASING = YES;
				CLANG_WARN_BOOL_CONVERSION = YES;
				CLANG_WARN_COMMA = YES;
				CLANG_WARN_CONSTANT_CONVERSION = YES;
				CLANG_WARN_DEPRECATED_OBJC_IMPLEMENTATIONS = YES;
				CLANG_WARN_DIRECT_OBJC_ISA_USAGE = YES_ERROR;
				CLANG_WARN_DOCUMENTATION_COMMENTS = YES;
				CLANG_WARN_EMPTY_BODY = YES;
				CLANG_WARN_ENUM_CONVERSION = YES;
				CLANG_WARN_INFINITE_RECURSION = YES;
				CLANG_WARN_INT_CONVERSION = YES;
				CLANG_WARN_NON_LITERAL_NULL_CONVERSION = YES;
				CLANG_WARN_OBJC_IMPLICIT_RETAIN_SELF = YES;
				CLANG_WARN_OBJC_LITERAL_CONVERSION = YES;
				CLANG_WARN_OBJC_ROOT_CLASS = YES_ERROR;
				CLANG_WARN_QUOTED_INCLUDE_IN_FRAMEWORK_HEADER = YES;
				CLANG_WARN_RANGE_LOOP_ANALYSIS = YES;
				CLANG_WARN_STRICT_PROTOTYPES = YES;
				CLANG_WARN_SUSPICIOUS_MOVE = YES;
				CLANG_WARN_UNGUARDED_AVAILABILITY = YES_AGGRESSIVE;
				CLANG_WARN_UNREACHABLE_CODE = YES;
				CLANG_WARN__DUPLICATE_METHOD_MATCH = YES;
				COPY_PHASE_STRIP = NO;
				DEBUG_INFORMATION_FORMAT = "dwarf-with-dsym";
				ENABLE_NS_ASSERTIONS = NO;
				ENABLE_STRICT_OBJC_MSGSEND = YES;
				GCC_C_LANGUAGE_STANDARD = gnu11;
				GCC_NO_COMMON_BLOCKS = YES;
				GCC_WARN_64_TO_32_BIT_CONVERSION = YES;
				GCC_WARN_ABOUT_RETURN_TYPE = YES_ERROR;
				GCC_WARN_UNDECLARED_SELECTOR = YES;
				GCC_WARN_UNINITIALIZED_AUTOS = YES_AGGRESSIVE;
				GCC_WARN_UNUSED_FUNCTION = YES;
				GCC_WARN_UNUSED_VARIABLE = YES;
				IPHONEOS_DEPLOYMENT_TARGET = 15.2;
				MTL_ENABLE_DEBUG_INFO = NO;
				MTL_FAST_MATH = YES;
				SDKROOT = iphoneos;
				SWIFT_COMPILATION_MODE = wholemodule;
				SWIFT_OPTIMIZATION_LEVEL = "-O";
				VALIDATE_PRODUCT = YES;
			};
			name = Release;
		};
		FABF7ABC2926D51600062593 /* Debug */ = {
			isa = XCBuildConfiguration;
			buildSettings = {
				ASSETCATALOG_COMPILER_APPICON_NAME = AppIcon;
				ASSETCATALOG_COMPILER_GLOBAL_ACCENT_COLOR_NAME = AccentColor;
				CODE_SIGN_STYLE = Automatic;
				CURRENT_PROJECT_VERSION = 1;
				GENERATE_INFOPLIST_FILE = YES;
				INFOPLIST_FILE = "Homework3 @SergeyHots/Info.plist";
				INFOPLIST_KEY_UIApplicationSupportsIndirectInputEvents = YES;
				INFOPLIST_KEY_UILaunchStoryboardName = LaunchScreen;
				INFOPLIST_KEY_UIMainStoryboardFile = Main;
				INFOPLIST_KEY_UISupportedInterfaceOrientations_iPad = "UIInterfaceOrientationPortrait UIInterfaceOrientationPortraitUpsideDown UIInterfaceOrientationLandscapeLeft UIInterfaceOrientationLandscapeRight";
				INFOPLIST_KEY_UISupportedInterfaceOrientations_iPhone = "UIInterfaceOrientationPortrait UIInterfaceOrientationLandscapeLeft UIInterfaceOrientationLandscapeRight";
				LD_RUNPATH_SEARCH_PATHS = (
					"$(inherited)",
					"@executable_path/Frameworks",
				);
				MARKETING_VERSION = 1.0;
				PRODUCT_BUNDLE_IDENTIFIER = "HoTS.Homework3--SergeyHots";
				PRODUCT_NAME = "$(TARGET_NAME)";
				SWIFT_EMIT_LOC_STRINGS = YES;
				SWIFT_VERSION = 5.0;
				TARGETED_DEVICE_FAMILY = "1,2";
			};
			name = Debug;
		};
		FABF7ABD2926D51600062593 /* Release */ = {
			isa = XCBuildConfiguration;
			buildSettings = {
				ASSETCATALOG_COMPILER_APPICON_NAME = AppIcon;
				ASSETCATALOG_COMPILER_GLOBAL_ACCENT_COLOR_NAME = AccentColor;
				CODE_SIGN_STYLE = Automatic;
				CURRENT_PROJECT_VERSION = 1;
				GENERATE_INFOPLIST_FILE = YES;
				INFOPLIST_FILE = "Homework3 @SergeyHots/Info.plist";
				INFOPLIST_KEY_UIApplicationSupportsIndirectInputEvents = YES;
				INFOPLIST_KEY_UILaunchStoryboardName = LaunchScreen;
				INFOPLIST_KEY_UIMainStoryboardFile = Main;
				INFOPLIST_KEY_UISupportedInterfaceOrientations_iPad = "UIInterfaceOrientationPortrait UIInterfaceOrientationPortraitUpsideDown UIInterfaceOrientationLandscapeLeft UIInterfaceOrientationLandscapeRight";
				INFOPLIST_KEY_UISupportedInterfaceOrientations_iPhone = "UIInterfaceOrientationPortrait UIInterfaceOrientationLandscapeLeft UIInterfaceOrientationLandscapeRight";
				LD_RUNPATH_SEARCH_PATHS = (
					"$(inherited)",
					"@executable_path/Frameworks",
				);
				MARKETING_VERSION = 1.0;
				PRODUCT_BUNDLE_IDENTIFIER = "HoTS.Homework3--SergeyHots";
				PRODUCT_NAME = "$(TARGET_NAME)";
				SWIFT_EMIT_LOC_STRINGS = YES;
				SWIFT_VERSION = 5.0;
				TARGETED_DEVICE_FAMILY = "1,2";
			};
			name = Release;
		};
/* End XCBuildConfiguration section */

/* Begin XCConfigurationList section */
		FABF7AA22926D51200062593 /* Build configuration list for PBXProject "Homework3 @SergeyHots" */ = {
			isa = XCConfigurationList;
			buildConfigurations = (
				FABF7AB92926D51600062593 /* Debug */,
				FABF7ABA2926D51600062593 /* Release */,
			);
			defaultConfigurationIsVisible = 0;
			defaultConfigurationName = Release;
		};
		FABF7ABB2926D51600062593 /* Build configuration list for PBXNativeTarget "Homework3 @SergeyHots" */ = {
			isa = XCConfigurationList;
			buildConfigurations = (
				FABF7ABC2926D51600062593 /* Debug */,
				FABF7ABD2926D51600062593 /* Release */,
			);
			defaultConfigurationIsVisible = 0;
			defaultConfigurationName = Release;
		};
/* End XCConfigurationList section */
	};
	rootObject = FABF7A9F2926D51200062593 /* Project object */;
}
